// !$*UTF8*$!
{
	archiveVersion = 1;
	classes = {
	};
	objectVersion = 46;
	objects = {

/* Begin PBXBuildFile section */
		B8B2B4811997F3EF002B8A7B /* Foundation.framework in Frameworks */ = {isa = PBXBuildFile; fileRef = B8B2B4801997F3EF002B8A7B /* Foundation.framework */; };
		B8B2B4831997F3EF002B8A7B /* CoreGraphics.framework in Frameworks */ = {isa = PBXBuildFile; fileRef = B8B2B4821997F3EF002B8A7B /* CoreGraphics.framework */; };
		B8B2B4851997F3EF002B8A7B /* UIKit.framework in Frameworks */ = {isa = PBXBuildFile; fileRef = B8B2B4841997F3EF002B8A7B /* UIKit.framework */; };
		B8B2B48B1997F3EF002B8A7B /* InfoPlist.strings in Resources */ = {isa = PBXBuildFile; fileRef = B8B2B4891997F3EF002B8A7B /* InfoPlist.strings */; };
		B8B2B48D1997F3EF002B8A7B /* main.m in Sources */ = {isa = PBXBuildFile; fileRef = B8B2B48C1997F3EF002B8A7B /* main.m */; };
		B8B2B4911997F3EF002B8A7B /* AppDelegate.m in Sources */ = {isa = PBXBuildFile; fileRef = B8B2B4901997F3EF002B8A7B /* AppDelegate.m */; };
		B8B2B4941997F3EF002B8A7B /* Main.storyboard in Resources */ = {isa = PBXBuildFile; fileRef = B8B2B4921997F3EF002B8A7B /* Main.storyboard */; };
		B8B2B4991997F3EF002B8A7B /* Images.xcassets in Resources */ = {isa = PBXBuildFile; fileRef = B8B2B4981997F3EF002B8A7B /* Images.xcassets */; };
		B8B2B4A01997F3EF002B8A7B /* XCTest.framework in Frameworks */ = {isa = PBXBuildFile; fileRef = B8B2B49F1997F3EF002B8A7B /* XCTest.framework */; };
		B8B2B4A11997F3EF002B8A7B /* Foundation.framework in Frameworks */ = {isa = PBXBuildFile; fileRef = B8B2B4801997F3EF002B8A7B /* Foundation.framework */; };
		B8B2B4A21997F3EF002B8A7B /* UIKit.framework in Frameworks */ = {isa = PBXBuildFile; fileRef = B8B2B4841997F3EF002B8A7B /* UIKit.framework */; };
		B8B2B4AA1997F3EF002B8A7B /* InfoPlist.strings in Resources */ = {isa = PBXBuildFile; fileRef = B8B2B4A81997F3EF002B8A7B /* InfoPlist.strings */; };
		B8B2B4AC1997F3EF002B8A7B /* PaperForeBackWindowTests.m in Sources */ = {isa = PBXBuildFile; fileRef = B8B2B4AB1997F3EF002B8A7B /* PaperForeBackWindowTests.m */; };
		B8B2B4BE1997F42D002B8A7B /* ProfileCell.m in Sources */ = {isa = PBXBuildFile; fileRef = B8B2B4B61997F42D002B8A7B /* ProfileCell.m */; };
		B8B2B4BF1997F42D002B8A7B /* ProfileViewController.m in Sources */ = {isa = PBXBuildFile; fileRef = B8B2B4B81997F42D002B8A7B /* ProfileViewController.m */; };
		B8B2B4C01997F42D002B8A7B /* CardsViewController.m in Sources */ = {isa = PBXBuildFile; fileRef = B8B2B4BA1997F42D002B8A7B /* CardsViewController.m */; };
		B8B2B4C11997F42D002B8A7B /* EDB_tutorial.png in Resources */ = {isa = PBXBuildFile; fileRef = B8B2B4BB1997F42D002B8A7B /* EDB_tutorial.png */; };
		B8B2B4C21997F42D002B8A7B /* EDB_language.png in Resources */ = {isa = PBXBuildFile; fileRef = B8B2B4BC1997F42D002B8A7B /* EDB_language.png */; };
		B8B2B4C31997F42D002B8A7B /* EDB_aboutus.png in Resources */ = {isa = PBXBuildFile; fileRef = B8B2B4BD1997F42D002B8A7B /* EDB_aboutus.png */; };
		B8B2B4CF1997F7DC002B8A7B /* smallLayout.m in Sources */ = {isa = PBXBuildFile; fileRef = B8B2B4CC1997F7DC002B8A7B /* smallLayout.m */; };
		B8B2B4D01997F7DC002B8A7B /* largeLayout.m in Sources */ = {isa = PBXBuildFile; fileRef = B8B2B4CE1997F7DC002B8A7B /* largeLayout.m */; };
		B8B2B4D31997F869002B8A7B /* SecondViewController.m in Sources */ = {isa = PBXBuildFile; fileRef = B8B2B4D21997F869002B8A7B /* SecondViewController.m */; };
		B8B2B4D61997FA09002B8A7B /* EDCollectionCell.m in Sources */ = {isa = PBXBuildFile; fileRef = B8B2B4D51997FA09002B8A7B /* EDCollectionCell.m */; };
		B8B2B4DA1997FE9E002B8A7B /* dragViewBehavior.m in Sources */ = {isa = PBXBuildFile; fileRef = B8B2B4D91997FE9E002B8A7B /* dragViewBehavior.m */; };
/* End PBXBuildFile section */

/* Begin PBXContainerItemProxy section */
		B8B2B4A31997F3EF002B8A7B /* PBXContainerItemProxy */ = {
			isa = PBXContainerItemProxy;
			containerPortal = B8B2B4751997F3EF002B8A7B /* Project object */;
			proxyType = 1;
			remoteGlobalIDString = B8B2B47C1997F3EF002B8A7B;
			remoteInfo = PaperForeBackWindow;
		};
/* End PBXContainerItemProxy section */

/* Begin PBXFileReference section */
		B8B2B47D1997F3EF002B8A7B /* PaperForeBackWindow.app */ = {isa = PBXFileReference; explicitFileType = wrapper.application; includeInIndex = 0; path = PaperForeBackWindow.app; sourceTree = BUILT_PRODUCTS_DIR; };
		B8B2B4801997F3EF002B8A7B /* Foundation.framework */ = {isa = PBXFileReference; lastKnownFileType = wrapper.framework; name = Foundation.framework; path = System/Library/Frameworks/Foundation.framework; sourceTree = SDKROOT; };
		B8B2B4821997F3EF002B8A7B /* CoreGraphics.framework */ = {isa = PBXFileReference; lastKnownFileType = wrapper.framework; name = CoreGraphics.framework; path = System/Library/Frameworks/CoreGraphics.framework; sourceTree = SDKROOT; };
		B8B2B4841997F3EF002B8A7B /* UIKit.framework */ = {isa = PBXFileReference; lastKnownFileType = wrapper.framework; name = UIKit.framework; path = System/Library/Frameworks/UIKit.framework; sourceTree = SDKROOT; };
		B8B2B4881997F3EF002B8A7B /* PaperForeBackWindow-Info.plist */ = {isa = PBXFileReference; lastKnownFileType = text.plist.xml; path = "PaperForeBackWindow-Info.plist"; sourceTree = "<group>"; };
		B8B2B48A1997F3EF002B8A7B /* en */ = {isa = PBXFileReference; lastKnownFileType = text.plist.strings; name = en; path = en.lproj/InfoPlist.strings; sourceTree = "<group>"; };
		B8B2B48C1997F3EF002B8A7B /* main.m */ = {isa = PBXFileReference; lastKnownFileType = sourcecode.c.objc; path = main.m; sourceTree = "<group>"; };
		B8B2B48E1997F3EF002B8A7B /* PaperForeBackWindow-Prefix.pch */ = {isa = PBXFileReference; lastKnownFileType = sourcecode.c.h; path = "PaperForeBackWindow-Prefix.pch"; sourceTree = "<group>"; };
		B8B2B48F1997F3EF002B8A7B /* AppDelegate.h */ = {isa = PBXFileReference; lastKnownFileType = sourcecode.c.h; path = AppDelegate.h; sourceTree = "<group>"; };
		B8B2B4901997F3EF002B8A7B /* AppDelegate.m */ = {isa = PBXFileReference; lastKnownFileType = sourcecode.c.objc; path = AppDelegate.m; sourceTree = "<group>"; };
		B8B2B4931997F3EF002B8A7B /* Base */ = {isa = PBXFileReference; lastKnownFileType = file.storyboard; name = Base; path = Base.lproj/Main.storyboard; sourceTree = "<group>"; };
		B8B2B4981997F3EF002B8A7B /* Images.xcassets */ = {isa = PBXFileReference; lastKnownFileType = folder.assetcatalog; path = Images.xcassets; sourceTree = "<group>"; };
		B8B2B49E1997F3EF002B8A7B /* PaperForeBackWindowTests.xctest */ = {isa = PBXFileReference; explicitFileType = wrapper.cfbundle; includeInIndex = 0; path = PaperForeBackWindowTests.xctest; sourceTree = BUILT_PRODUCTS_DIR; };
		B8B2B49F1997F3EF002B8A7B /* XCTest.framework */ = {isa = PBXFileReference; lastKnownFileType = wrapper.framework; name = XCTest.framework; path = Library/Frameworks/XCTest.framework; sourceTree = DEVELOPER_DIR; };
		B8B2B4A71997F3EF002B8A7B /* PaperForeBackWindowTests-Info.plist */ = {isa = PBXFileReference; lastKnownFileType = text.plist.xml; path = "PaperForeBackWindowTests-Info.plist"; sourceTree = "<group>"; };
		B8B2B4A91997F3EF002B8A7B /* en */ = {isa = PBXFileReference; lastKnownFileType = text.plist.strings; name = en; path = en.lproj/InfoPlist.strings; sourceTree = "<group>"; };
		B8B2B4AB1997F3EF002B8A7B /* PaperForeBackWindowTests.m */ = {isa = PBXFileReference; lastKnownFileType = sourcecode.c.objc; path = PaperForeBackWindowTests.m; sourceTree = "<group>"; };
		B8B2B4B51997F42D002B8A7B /* ProfileCell.h */ = {isa = PBXFileReference; fileEncoding = 4; lastKnownFileType = sourcecode.c.h; path = ProfileCell.h; sourceTree = "<group>"; };
		B8B2B4B61997F42D002B8A7B /* ProfileCell.m */ = {isa = PBXFileReference; fileEncoding = 4; lastKnownFileType = sourcecode.c.objc; path = ProfileCell.m; sourceTree = "<group>"; };
		B8B2B4B71997F42D002B8A7B /* ProfileViewController.h */ = {isa = PBXFileReference; fileEncoding = 4; lastKnownFileType = sourcecode.c.h; path = ProfileViewController.h; sourceTree = "<group>"; };
		B8B2B4B81997F42D002B8A7B /* ProfileViewController.m */ = {isa = PBXFileReference; fileEncoding = 4; lastKnownFileType = sourcecode.c.objc; path = ProfileViewController.m; sourceTree = "<group>"; };
		B8B2B4B91997F42D002B8A7B /* CardsViewController.h */ = {isa = PBXFileReference; fileEncoding = 4; lastKnownFileType = sourcecode.c.h; path = CardsViewController.h; sourceTree = "<group>"; };
		B8B2B4BA1997F42D002B8A7B /* CardsViewController.m */ = {isa = PBXFileReference; fileEncoding = 4; lastKnownFileType = sourcecode.c.objc; path = CardsViewController.m; sourceTree = "<group>"; };
		B8B2B4BB1997F42D002B8A7B /* EDB_tutorial.png */ = {isa = PBXFileReference; lastKnownFileType = image.png; path = EDB_tutorial.png; sourceTree = "<group>"; };
		B8B2B4BC1997F42D002B8A7B /* EDB_language.png */ = {isa = PBXFileReference; lastKnownFileType = image.png; path = EDB_language.png; sourceTree = "<group>"; };
		B8B2B4BD1997F42D002B8A7B /* EDB_aboutus.png */ = {isa = PBXFileReference; lastKnownFileType = image.png; path = EDB_aboutus.png; sourceTree = "<group>"; };
		B8B2B4CB1997F7DC002B8A7B /* smallLayout.h */ = {isa = PBXFileReference; fileEncoding = 4; lastKnownFileType = sourcecode.c.h; path = smallLayout.h; sourceTree = "<group>"; };
		B8B2B4CC1997F7DC002B8A7B /* smallLayout.m */ = {isa = PBXFileReference; fileEncoding = 4; lastKnownFileType = sourcecode.c.objc; path = smallLayout.m; sourceTree = "<group>"; };
		B8B2B4CD1997F7DC002B8A7B /* largeLayout.h */ = {isa = PBXFileReference; fileEncoding = 4; lastKnownFileType = sourcecode.c.h; path = largeLayout.h; sourceTree = "<group>"; };
		B8B2B4CE1997F7DC002B8A7B /* largeLayout.m */ = {isa = PBXFileReference; fileEncoding = 4; lastKnownFileType = sourcecode.c.objc; path = largeLayout.m; sourceTree = "<group>"; };
		B8B2B4D11997F869002B8A7B /* SecondViewController.h */ = {isa = PBXFileReference; fileEncoding = 4; lastKnownFileType = sourcecode.c.h; path = SecondViewController.h; sourceTree = "<group>"; };
		B8B2B4D21997F869002B8A7B /* SecondViewController.m */ = {isa = PBXFileReference; fileEncoding = 4; lastKnownFileType = sourcecode.c.objc; path = SecondViewController.m; sourceTree = "<group>"; };
		B8B2B4D41997FA09002B8A7B /* EDCollectionCell.h */ = {isa = PBXFileReference; fileEncoding = 4; lastKnownFileType = sourcecode.c.h; path = EDCollectionCell.h; sourceTree = "<group>"; };
		B8B2B4D51997FA09002B8A7B /* EDCollectionCell.m */ = {isa = PBXFileReference; fileEncoding = 4; lastKnownFileType = sourcecode.c.objc; path = EDCollectionCell.m; sourceTree = "<group>"; };
		B8B2B4D81997FE9E002B8A7B /* dragViewBehavior.h */ = {isa = PBXFileReference; fileEncoding = 4; lastKnownFileType = sourcecode.c.h; path = dragViewBehavior.h; sourceTree = "<group>"; };
		B8B2B4D91997FE9E002B8A7B /* dragViewBehavior.m */ = {isa = PBXFileReference; fileEncoding = 4; lastKnownFileType = sourcecode.c.objc; path = dragViewBehavior.m; sourceTree = "<group>"; };
		B8B2B4DB199801C9002B8A7B /* draggableViewState.h */ = {isa = PBXFileReference; lastKnownFileType = sourcecode.c.h; name = draggableViewState.h; path = ../draggableViewState.h; sourceTree = "<group>"; };
/* End PBXFileReference section */

/* Begin PBXFrameworksBuildPhase section */
		B8B2B47A1997F3EF002B8A7B /* Frameworks */ = {
			isa = PBXFrameworksBuildPhase;
			buildActionMask = 2147483647;
			files = (
				B8B2B4831997F3EF002B8A7B /* CoreGraphics.framework in Frameworks */,
				B8B2B4851997F3EF002B8A7B /* UIKit.framework in Frameworks */,
				B8B2B4811997F3EF002B8A7B /* Foundation.framework in Frameworks */,
			);
			runOnlyForDeploymentPostprocessing = 0;
		};
		B8B2B49B1997F3EF002B8A7B /* Frameworks */ = {
			isa = PBXFrameworksBuildPhase;
			buildActionMask = 2147483647;
			files = (
				B8B2B4A01997F3EF002B8A7B /* XCTest.framework in Frameworks */,
				B8B2B4A21997F3EF002B8A7B /* UIKit.framework in Frameworks */,
				B8B2B4A11997F3EF002B8A7B /* Foundation.framework in Frameworks */,
			);
			runOnlyForDeploymentPostprocessing = 0;
		};
/* End PBXFrameworksBuildPhase section */

/* Begin PBXGroup section */
		B8B2B4741997F3EF002B8A7B = {
			isa = PBXGroup;
			children = (
				B8B2B4D81997FE9E002B8A7B /* dragViewBehavior.h */,
				B8B2B4D91997FE9E002B8A7B /* dragViewBehavior.m */,
				B8B2B4861997F3EF002B8A7B /* PaperForeBackWindow */,
				B8B2B4A51997F3EF002B8A7B /* PaperForeBackWindowTests */,
				B8B2B47F1997F3EF002B8A7B /* Frameworks */,
				B8B2B47E1997F3EF002B8A7B /* Products */,
			);
			sourceTree = "<group>";
		};
		B8B2B47E1997F3EF002B8A7B /* Products */ = {
			isa = PBXGroup;
			children = (
				B8B2B47D1997F3EF002B8A7B /* PaperForeBackWindow.app */,
				B8B2B49E1997F3EF002B8A7B /* PaperForeBackWindowTests.xctest */,
			);
			name = Products;
			sourceTree = "<group>";
		};
		B8B2B47F1997F3EF002B8A7B /* Frameworks */ = {
			isa = PBXGroup;
			children = (
				B8B2B4801997F3EF002B8A7B /* Foundation.framework */,
				B8B2B4821997F3EF002B8A7B /* CoreGraphics.framework */,
				B8B2B4841997F3EF002B8A7B /* UIKit.framework */,
				B8B2B49F1997F3EF002B8A7B /* XCTest.framework */,
			);
			name = Frameworks;
			sourceTree = "<group>";
		};
		B8B2B4861997F3EF002B8A7B /* PaperForeBackWindow */ = {
			isa = PBXGroup;
			children = (
				B8B2B4DB199801C9002B8A7B /* draggableViewState.h */,
				B8B2B4B51997F42D002B8A7B /* ProfileCell.h */,
				B8B2B4B61997F42D002B8A7B /* ProfileCell.m */,
				B8B2B4D41997FA09002B8A7B /* EDCollectionCell.h */,
				B8B2B4D51997FA09002B8A7B /* EDCollectionCell.m */,
				B8B2B4D71997FD92002B8A7B /* layouts */,
				B8B2B4C41997F436002B8A7B /* VCs */,
				B8B2B4921997F3EF002B8A7B /* Main.storyboard */,
				B8B2B4D11997F869002B8A7B /* SecondViewController.h */,
				B8B2B4D21997F869002B8A7B /* SecondViewController.m */,
				B8B2B4981997F3EF002B8A7B /* Images.xcassets */,
				B8B2B4871997F3EF002B8A7B /* Supporting Files */,
			);
			path = PaperForeBackWindow;
			sourceTree = "<group>";
		};
		B8B2B4871997F3EF002B8A7B /* Supporting Files */ = {
			isa = PBXGroup;
			children = (
				B8B2B48F1997F3EF002B8A7B /* AppDelegate.h */,
				B8B2B4901997F3EF002B8A7B /* AppDelegate.m */,
				B8B2B4881997F3EF002B8A7B /* PaperForeBackWindow-Info.plist */,
				B8B2B4891997F3EF002B8A7B /* InfoPlist.strings */,
				B8B2B48C1997F3EF002B8A7B /* main.m */,
				B8B2B48E1997F3EF002B8A7B /* PaperForeBackWindow-Prefix.pch */,
			);
			name = "Supporting Files";
			sourceTree = "<group>";
		};
		B8B2B4A51997F3EF002B8A7B /* PaperForeBackWindowTests */ = {
			isa = PBXGroup;
			children = (
				B8B2B4AB1997F3EF002B8A7B /* PaperForeBackWindowTests.m */,
				B8B2B4A61997F3EF002B8A7B /* Supporting Files */,
			);
			path = PaperForeBackWindowTests;
			sourceTree = "<group>";
		};
		B8B2B4A61997F3EF002B8A7B /* Supporting Files */ = {
			isa = PBXGroup;
			children = (
				B8B2B4A71997F3EF002B8A7B /* PaperForeBackWindowTests-Info.plist */,
				B8B2B4A81997F3EF002B8A7B /* InfoPlist.strings */,
			);
			name = "Supporting Files";
			sourceTree = "<group>";
		};
		B8B2B4C41997F436002B8A7B /* VCs */ = {
			isa = PBXGroup;
			children = (
				B8B2B4B71997F42D002B8A7B /* ProfileViewController.h */,
				B8B2B4B81997F42D002B8A7B /* ProfileViewController.m */,
				B8B2B4B91997F42D002B8A7B /* CardsViewController.h */,
				B8B2B4BA1997F42D002B8A7B /* CardsViewController.m */,
				B8B2B4BB1997F42D002B8A7B /* EDB_tutorial.png */,
				B8B2B4BC1997F42D002B8A7B /* EDB_language.png */,
				B8B2B4BD1997F42D002B8A7B /* EDB_aboutus.png */,
			);
			name = VCs;
			sourceTree = "<group>";
		};
		B8B2B4D71997FD92002B8A7B /* layouts */ = {
			isa = PBXGroup;
			children = (
				B8B2B4CB1997F7DC002B8A7B /* smallLayout.h */,
				B8B2B4CC1997F7DC002B8A7B /* smallLayout.m */,
				B8B2B4CD1997F7DC002B8A7B /* largeLayout.h */,
				B8B2B4CE1997F7DC002B8A7B /* largeLayout.m */,
			);
			name = layouts;
			sourceTree = "<group>";
		};
/* End PBXGroup section */

/* Begin PBXNativeTarget section */
		B8B2B47C1997F3EF002B8A7B /* PaperForeBackWindow */ = {
			isa = PBXNativeTarget;
			buildConfigurationList = B8B2B4AF1997F3F0002B8A7B /* Build configuration list for PBXNativeTarget "PaperForeBackWindow" */;
			buildPhases = (
				B8B2B4791997F3EF002B8A7B /* Sources */,
				B8B2B47A1997F3EF002B8A7B /* Frameworks */,
				B8B2B47B1997F3EF002B8A7B /* Resources */,
			);
			buildRules = (
			);
			dependencies = (
			);
			name = PaperForeBackWindow;
			productName = PaperForeBackWindow;
			productReference = B8B2B47D1997F3EF002B8A7B /* PaperForeBackWindow.app */;
			productType = "com.apple.product-type.application";
		};
		B8B2B49D1997F3EF002B8A7B /* PaperForeBackWindowTests */ = {
			isa = PBXNativeTarget;
			buildConfigurationList = B8B2B4B21997F3F0002B8A7B /* Build configuration list for PBXNativeTarget "PaperForeBackWindowTests" */;
			buildPhases = (
				B8B2B49A1997F3EF002B8A7B /* Sources */,
				B8B2B49B1997F3EF002B8A7B /* Frameworks */,
				B8B2B49C1997F3EF002B8A7B /* Resources */,
			);
			buildRules = (
			);
			dependencies = (
				B8B2B4A41997F3EF002B8A7B /* PBXTargetDependency */,
			);
			name = PaperForeBackWindowTests;
			productName = PaperForeBackWindowTests;
			productReference = B8B2B49E1997F3EF002B8A7B /* PaperForeBackWindowTests.xctest */;
			productType = "com.apple.product-type.bundle.unit-test";
		};
/* End PBXNativeTarget section */

/* Begin PBXProject section */
		B8B2B4751997F3EF002B8A7B /* Project object */ = {
			isa = PBXProject;
			attributes = {
				LastUpgradeCheck = 0510;
				ORGANIZATIONNAME = "Hao Zheng";
				TargetAttributes = {
					B8B2B49D1997F3EF002B8A7B = {
						TestTargetID = B8B2B47C1997F3EF002B8A7B;
					};
				};
			};
			buildConfigurationList = B8B2B4781997F3EF002B8A7B /* Build configuration list for PBXProject "PaperForeBackWindow" */;
			compatibilityVersion = "Xcode 3.2";
			developmentRegion = English;
			hasScannedForEncodings = 0;
			knownRegions = (
				en,
				Base,
			);
			mainGroup = B8B2B4741997F3EF002B8A7B;
			productRefGroup = B8B2B47E1997F3EF002B8A7B /* Products */;
			projectDirPath = "";
			projectRoot = "";
			targets = (
				B8B2B47C1997F3EF002B8A7B /* PaperForeBackWindow */,
				B8B2B49D1997F3EF002B8A7B /* PaperForeBackWindowTests */,
			);
		};
/* End PBXProject section */

/* Begin PBXResourcesBuildPhase section */
		B8B2B47B1997F3EF002B8A7B /* Resources */ = {
			isa = PBXResourcesBuildPhase;
			buildActionMask = 2147483647;
			files = (
				B8B2B4991997F3EF002B8A7B /* Images.xcassets in Resources */,
				B8B2B4C11997F42D002B8A7B /* EDB_tutorial.png in Resources */,
				B8B2B4C21997F42D002B8A7B /* EDB_language.png in Resources */,
				B8B2B48B1997F3EF002B8A7B /* InfoPlist.strings in Resources */,
				B8B2B4941997F3EF002B8A7B /* Main.storyboard in Resources */,
				B8B2B4C31997F42D002B8A7B /* EDB_aboutus.png in Resources */,
			);
			runOnlyForDeploymentPostprocessing = 0;
		};
		B8B2B49C1997F3EF002B8A7B /* Resources */ = {
			isa = PBXResourcesBuildPhase;
			buildActionMask = 2147483647;
			files = (
				B8B2B4AA1997F3EF002B8A7B /* InfoPlist.strings in Resources */,
			);
			runOnlyForDeploymentPostprocessing = 0;
		};
/* End PBXResourcesBuildPhase section */

/* Begin PBXSourcesBuildPhase section */
		B8B2B4791997F3EF002B8A7B /* Sources */ = {
			isa = PBXSourcesBuildPhase;
			buildActionMask = 2147483647;
			files = (
				B8B2B4911997F3EF002B8A7B /* AppDelegate.m in Sources */,
				B8B2B48D1997F3EF002B8A7B /* main.m in Sources */,
				B8B2B4BF1997F42D002B8A7B /* ProfileViewController.m in Sources */,
				B8B2B4BE1997F42D002B8A7B /* ProfileCell.m in Sources */,
				B8B2B4D31997F869002B8A7B /* SecondViewController.m in Sources */,
				B8B2B4C01997F42D002B8A7B /* CardsViewController.m in Sources */,
				B8B2B4D61997FA09002B8A7B /* EDCollectionCell.m in Sources */,
				B8B2B4D01997F7DC002B8A7B /* largeLayout.m in Sources */,
				B8B2B4DA1997FE9E002B8A7B /* dragViewBehavior.m in Sources */,
				B8B2B4CF1997F7DC002B8A7B /* smallLayout.m in Sources */,
			);
			runOnlyForDeploymentPostprocessing = 0;
		};
		B8B2B49A1997F3EF002B8A7B /* Sources */ = {
			isa = PBXSourcesBuildPhase;
			buildActionMask = 2147483647;
			files = (
				B8B2B4AC1997F3EF002B8A7B /* PaperForeBackWindowTests.m in Sources */,
			);
			runOnlyForDeploymentPostprocessing = 0;
		};
/* End PBXSourcesBuildPhase section */

/* Begin PBXTargetDependency section */
		B8B2B4A41997F3EF002B8A7B /* PBXTargetDependency */ = {
			isa = PBXTargetDependency;
			target = B8B2B47C1997F3EF002B8A7B /* PaperForeBackWindow */;
			targetProxy = B8B2B4A31997F3EF002B8A7B /* PBXContainerItemProxy */;
		};
/* End PBXTargetDependency section */

/* Begin PBXVariantGroup section */
		B8B2B4891997F3EF002B8A7B /* InfoPlist.strings */ = {
			isa = PBXVariantGroup;
			children = (
				B8B2B48A1997F3EF002B8A7B /* en */,
			);
			name = InfoPlist.strings;
			sourceTree = "<group>";
		};
		B8B2B4921997F3EF002B8A7B /* Main.storyboard */ = {
			isa = PBXVariantGroup;
			children = (
				B8B2B4931997F3EF002B8A7B /* Base */,
			);
			name = Main.storyboard;
			sourceTree = "<group>";
		};
		B8B2B4A81997F3EF002B8A7B /* InfoPlist.strings */ = {
			isa = PBXVariantGroup;
			children = (
				B8B2B4A91997F3EF002B8A7B /* en */,
			);
			name = InfoPlist.strings;
			sourceTree = "<group>";
		};
/* End PBXVariantGroup section */

/* Begin XCBuildConfiguration section */
		B8B2B4AD1997F3F0002B8A7B /* Debug */ = {
			isa = XCBuildConfiguration;
			buildSettings = {
				ALWAYS_SEARCH_USER_PATHS = NO;
				CLANG_CXX_LANGUAGE_STANDARD = "gnu++0x";
				CLANG_CXX_LIBRARY = "libc++";
				CLANG_ENABLE_MODULES = YES;
				CLANG_ENABLE_OBJC_ARC = YES;
				CLANG_WARN_BOOL_CONVERSION = YES;
				CLANG_WARN_CONSTANT_CONVERSION = YES;
				CLANG_WARN_DIRECT_OBJC_ISA_USAGE = YES_ERROR;
				CLANG_WARN_EMPTY_BODY = YES;
				CLANG_WARN_ENUM_CONVERSION = YES;
				CLANG_WARN_INT_CONVERSION = YES;
				CLANG_WARN_OBJC_ROOT_CLASS = YES_ERROR;
				CLANG_WARN__DUPLICATE_METHOD_MATCH = YES;
				"CODE_SIGN_IDENTITY[sdk=iphoneos*]" = "iPhone Developer";
				COPY_PHASE_STRIP = NO;
				GCC_C_LANGUAGE_STANDARD = gnu99;
				GCC_DYNAMIC_NO_PIC = NO;
				GCC_OPTIMIZATION_LEVEL = 0;
				GCC_PREPROCESSOR_DEFINITIONS = (
					"DEBUG=1",
					"$(inherited)",
				);
				GCC_SYMBOLS_PRIVATE_EXTERN = NO;
				GCC_WARN_64_TO_32_BIT_CONVERSION = YES;
				GCC_WARN_ABOUT_RETURN_TYPE = YES_ERROR;
				GCC_WARN_UNDECLARED_SELECTOR = YES;
				GCC_WARN_UNINITIALIZED_AUTOS = YES_AGGRESSIVE;
				GCC_WARN_UNUSED_FUNCTION = YES;
				GCC_WARN_UNUSED_VARIABLE = YES;
				IPHONEOS_DEPLOYMENT_TARGET = 7.1;
				ONLY_ACTIVE_ARCH = YES;
				SDKROOT = iphoneos;
			};
			name = Debug;
		};
		B8B2B4AE1997F3F0002B8A7B /* Release */ = {
			isa = XCBuildConfiguration;
			buildSettings = {
				ALWAYS_SEARCH_USER_PATHS = NO;
				CLANG_CXX_LANGUAGE_STANDARD = "gnu++0x";
				CLANG_CXX_LIBRARY = "libc++";
				CLANG_ENABLE_MODULES = YES;
				CLANG_ENABLE_OBJC_ARC = YES;
				CLANG_WARN_BOOL_CONVERSION = YES;
				CLANG_WARN_CONSTANT_CONVERSION = YES;
				CLANG_WARN_DIRECT_OBJC_ISA_USAGE = YES_ERROR;
				CLANG_WARN_EMPTY_BODY = YES;
				CLANG_WARN_ENUM_CONVERSION = YES;
				CLANG_WARN_INT_CONVERSION = YES;
				CLANG_WARN_OBJC_ROOT_CLASS = YES_ERROR;
				CLANG_WARN__DUPLICATE_METHOD_MATCH = YES;
				"CODE_SIGN_IDENTITY[sdk=iphoneos*]" = "iPhone Developer";
				COPY_PHASE_STRIP = YES;
				ENABLE_NS_ASSERTIONS = NO;
				GCC_C_LANGUAGE_STANDARD = gnu99;
				GCC_WARN_64_TO_32_BIT_CONVERSION = YES;
				GCC_WARN_ABOUT_RETURN_TYPE = YES_ERROR;
				GCC_WARN_UNDECLARED_SELECTOR = YES;
				GCC_WARN_UNINITIALIZED_AUTOS = YES_AGGRESSIVE;
				GCC_WARN_UNUSED_FUNCTION = YES;
				GCC_WARN_UNUSED_VARIABLE = YES;
				IPHONEOS_DEPLOYMENT_TARGET = 7.1;
				SDKROOT = iphoneos;
				VALIDATE_PRODUCT = YES;
			};
			name = Release;
		};
		B8B2B4B01997F3F0002B8A7B /* Debug */ = {
			isa = XCBuildConfiguration;
			buildSettings = {
				ASSETCATALOG_COMPILER_APPICON_NAME = AppIcon;
				ASSETCATALOG_COMPILER_LAUNCHIMAGE_NAME = LaunchImage;
				GCC_PRECOMPILE_PREFIX_HEADER = YES;
				GCC_PREFIX_HEADER = "PaperForeBackWindow/PaperForeBackWindow-Prefix.pch";
				INFOPLIST_FILE = "PaperForeBackWindow/PaperForeBackWindow-Info.plist";
				PRODUCT_NAME = "$(TARGET_NAME)";
				WRAPPER_EXTENSION = app;
			};
			name = Debug;
		};
		B8B2B4B11997F3F0002B8A7B /* Release */ = {
			isa = XCBuildConfiguration;
			buildSettings = {
				ASSETCATALOG_COMPILER_APPICON_NAME = AppIcon;
				ASSETCATALOG_COMPILER_LAUNCHIMAGE_NAME = LaunchImage;
				GCC_PRECOMPILE_PREFIX_HEADER = YES;
				GCC_PREFIX_HEADER = "PaperForeBackWindow/PaperForeBackWindow-Prefix.pch";
				INFOPLIST_FILE = "PaperForeBackWindow/PaperForeBackWindow-Info.plist";
				PRODUCT_NAME = "$(TARGET_NAME)";
				WRAPPER_EXTENSION = app;
			};
			name = Release;
		};
		B8B2B4B31997F3F0002B8A7B /* Debug */ = {
			isa = XCBuildConfiguration;
			buildSettings = {
				BUNDLE_LOADER = "$(BUILT_PRODUCTS_DIR)/PaperForeBackWindow.app/PaperForeBackWindow";
				FRAMEWORK_SEARCH_PATHS = (
					"$(SDKROOT)/Developer/Library/Frameworks",
					"$(inherited)",
					"$(DEVELOPER_FRAMEWORKS_DIR)",
				);
				GCC_PRECOMPILE_PREFIX_HEADER = YES;
				GCC_PREFIX_HEADER = "PaperForeBackWindow/PaperForeBackWindow-Prefix.pch";
				GCC_PREPROCESSOR_DEFINITIONS = (
					"DEBUG=1",
					"$(inherited)",
				);
				INFOPLIST_FILE = "PaperForeBackWindowTests/PaperForeBackWindowTests-Info.plist";
				PRODUCT_NAME = "$(TARGET_NAME)";
				TEST_HOST = "$(BUNDLE_LOADER)";
				WRAPPER_EXTENSION = xctest;
			};
			name = Debug;
		};
		B8B2B4B41997F3F0002B8A7B /* Release */ = {
			isa = XCBuildConfiguration;
			buildSettings = {
				BUNDLE_LOADER = "$(BUILT_PRODUCTS_DIR)/PaperForeBackWindow.app/PaperForeBackWindow";
				FRAMEWORK_SEARCH_PATHS = (
					"$(SDKROOT)/Developer/Library/Frameworks",
					"$(inherited)",
					"$(DEVELOPER_FRAMEWORKS_DIR)",
				);
				GCC_PRECOMPILE_PREFIX_HEADER = YES;
				GCC_PREFIX_HEADER = "PaperForeBackWindow/PaperForeBackWindow-Prefix.pch";
				INFOPLIST_FILE = "PaperForeBackWindowTests/PaperForeBackWindowTests-Info.plist";
				PRODUCT_NAME = "$(TARGET_NAME)";
				TEST_HOST = "$(BUNDLE_LOADER)";
				WRAPPER_EXTENSION = xctest;
			};
			name = Release;
		};
/* End XCBuildConfiguration section */

/* Begin XCConfigurationList section */
		B8B2B4781997F3EF002B8A7B /* Build configuration list for PBXProject "PaperForeBackWindow" */ = {
			isa = XCConfigurationList;
			buildConfigurations = (
				B8B2B4AD1997F3F0002B8A7B /* Debug */,
				B8B2B4AE1997F3F0002B8A7B /* Release */,
			);
			defaultConfigurationIsVisible = 0;
			defaultConfigurationName = Release;
		};
		B8B2B4AF1997F3F0002B8A7B /* Build configuration list for PBXNativeTarget "PaperForeBackWindow" */ = {
			isa = XCConfigurationList;
			buildConfigurations = (
				B8B2B4B01997F3F0002B8A7B /* Debug */,
				B8B2B4B11997F3F0002B8A7B /* Release */,
			);
			defaultConfigurationIsVisible = 0;
			defaultConfigurationName = Release;
		};
		B8B2B4B21997F3F0002B8A7B /* Build configuration list for PBXNativeTarget "PaperForeBackWindowTests" */ = {
			isa = XCConfigurationList;
			buildConfigurations = (
				B8B2B4B31997F3F0002B8A7B /* Debug */,
				B8B2B4B41997F3F0002B8A7B /* Release */,
			);
			defaultConfigurationIsVisible = 0;
			defaultConfigurationName = Release;
		};
/* End XCConfigurationList section */
	};
	rootObject = B8B2B4751997F3EF002B8A7B /* Project object */;
}
